
Microsoft Visual Studio Solution File, Format Version 12.00
# Visual Studio Version 17
VisualStudioVersion = 17.9.34728.123
MinimumVisualStudioVersion = 10.0.40219.1
Project("{FAE04EC0-301F-11D3-BF4B-00C04F79EFBC}") = "NUnitDemostration", "NUnitDemostration\NUnitDemostration.csproj", "{A2A063B6-57F4-4834-A77D-8B68CAA36901}"
EndProject
Project("{FAE04EC0-301F-11D3-BF4B-00C04F79EFBC}") = "Testclass", "Testclass\Testclass.csproj", "{57C78EEE-CE80-47F0-A9B1-7912E34530F2}"
EndProject
Global
	GlobalSection(SolutionConfigurationPlatforms) = preSolution
		Debug|Any CPU = Debug|Any CPU
		Release|Any CPU = Release|Any CPU
	EndGlobalSection
	GlobalSection(ProjectConfigurationPlatforms) = postSolution
		{A2A063B6-57F4-4834-A77D-8B68CAA36901}.Debug|Any CPU.ActiveCfg = Debug|Any CPU
		{A2A063B6-57F4-4834-A77D-8B68CAA36901}.Debug|Any CPU.Build.0 = Debug|Any CPU
		{A2A063B6-57F4-4834-A77D-8B68CAA36901}.Release|Any CPU.ActiveCfg = Release|Any CPU
		{A2A063B6-57F4-4834-A77D-8B68CAA36901}.Release|Any CPU.Build.0 = Release|Any CPU
		{57C78EEE-CE80-47F0-A9B1-7912E34530F2}.Debug|Any CPU.ActiveCfg = Debug|Any CPU
		{57C78EEE-CE80-47F0-A9B1-7912E34530F2}.Debug|Any CPU.Build.0 = Debug|Any CPU
		{57C78EEE-CE80-47F0-A9B1-7912E34530F2}.Release|Any CPU.ActiveCfg = Release|Any CPU
		{57C78EEE-CE80-47F0-A9B1-7912E34530F2}.Release|Any CPU.Build.0 = Release|Any CPU
	EndGlobalSection
	GlobalSection(SolutionProperties) = preSolution
		HideSolutionNode = FALSE
	EndGlobalSection
	GlobalSection(ExtensibilityGlobals) = postSolution
		SolutionGuid = {20F01AE7-FF66-4C67-8DF9-F60B7E825B87}
	EndGlobalSection
EndGlobal
